
Microsoft Visual Studio Solution File, Format Version 12.00
# Visual Studio Version 17
VisualStudioVersion = 17.14.36915.13 d17.14
MinimumVisualStudioVersion = 10.0.40219.1
Project("{FAE04EC0-301F-11D3-BF4B-00C04F79EFBC}") = "Courier.API", "Courier.API\Courier.API.csproj", "{13A0BFBF-78AF-4456-82D5-E5311D31281D}"
EndProject
Global
	GlobalSection(SolutionConfigurationPlatforms) = preSolution
		Debug|Any CPU = Debug|Any CPU
		Release|Any CPU = Release|Any CPU
	EndGlobalSection
	GlobalSection(ProjectConfigurationPlatforms) = postSolution
		{13A0BFBF-78AF-4456-82D5-E5311D31281D}.Debug|Any CPU.ActiveCfg = Debug|Any CPU
		{13A0BFBF-78AF-4456-82D5-E5311D31281D}.Debug|Any CPU.Build.0 = Debug|Any CPU
		{13A0BFBF-78AF-4456-82D5-E5311D31281D}.Release|Any CPU.ActiveCfg = Release|Any CPU
		{13A0BFBF-78AF-4456-82D5-E5311D31281D}.Release|Any CPU.Build.0 = Release|Any CPU
	EndGlobalSection
	GlobalSection(SolutionProperties) = preSolution
		HideSolutionNode = FALSE
	EndGlobalSection
	GlobalSection(ExtensibilityGlobals) = postSolution
		SolutionGuid = {D15478A9-7C45-47E5-9C91-A789887172E9}
	EndGlobalSection
EndGlobal
